<?xml version="1.0" encoding="utf-8"?>
<Project ToolsVersion="16.0" xmlns="http://schemas.microsoft.com/developer/msbuild/2003">
  <ItemGroup>
    <ClCompile Include="C:\SDK\ALL_SDK\myprojects\ASE_KM_Caverb\project_source\source\PluginKernel\pluginbase.cpp">
      <Filter>PluginKernel</Filter>
    </ClCompile>
    <ClCompile Include="C:\SDK\ALL_SDK\myprojects\ASE_KM_Caverb\project_source\source\PluginKernel\plugincore.cpp">
      <Filter>PluginKernel</Filter>
    </ClCompile>
    <ClCompile Include="C:\SDK\ALL_SDK\myprojects\ASE_KM_Caverb\project_source\source\PluginKernel\plugingui.cpp">
      <Filter>PluginKernel</Filter>
    </ClCompile>
    <ClCompile Include="C:\SDK\ALL_SDK\myprojects\ASE_KM_Caverb\project_source\source\PluginKernel\pluginparameter.cpp">
      <Filter>PluginKernel</Filter>
    </ClCompile>
    <ClCompile Include="C:\SDK\ALL_SDK\myprojects\ASE_KM_Caverb\project_source\source\vst_source\factory.cpp">
      <Filter>VST3Core</Filter>
    </ClCompile>
    <ClCompile Include="C:\SDK\ALL_SDK\myprojects\ASE_KM_Caverb\project_source\source\vst_source\customparameters.cpp">
      <Filter>VST3Core</Filter>
    </ClCompile>
    <ClCompile Include="C:\SDK\ALL_SDK\myprojects\ASE_KM_Caverb\project_source\source\vst_source\vst3plugin.cpp">
      <Filter>VST3Core</Filter>
    </ClCompile>
    <ClCompile Include="C:\SDK\ALL_SDK\myprojects\ASE_KM_Caverb\project_source\source\CustomControls\customcontrols.cpp">
      <Filter>CustomVSTGUI</Filter>
    </ClCompile>
    <ClCompile Include="C:\SDK\ALL_SDK\myprojects\ASE_KM_Caverb\project_source\source\CustomControls\customviews.cpp">
      <Filter>CustomVSTGUI</Filter>
    </ClCompile>
    <ClCompile Include="C:\SDK\ALL_SDK\VST_SDK\VST3_SDK\public.sdk\source\vst\vstsinglecomponenteffect.cpp">
      <Filter>VST3SDK</Filter>
    </ClCompile>
    <ClCompile Include="C:\SDK\ALL_SDK\VST_SDK\VST3_SDK\public.sdk\source\main\dllmain.cpp">
      <Filter>Source Files</Filter>
    </ClCompile>
  </ItemGroup>
  <ItemGroup>
    <ClInclude Include="C:\SDK\ALL_SDK\myprojects\ASE_KM_Caverb\project_source\source\PluginKernel\guiconstants.h">
      <Filter>PluginKernel</Filter>
    </ClInclude>
    <ClInclude Include="C:\SDK\ALL_SDK\myprojects\ASE_KM_Caverb\project_source\source\PluginKernel\pluginbase.h">
      <Filter>PluginKernel</Filter>
    </ClInclude>
    <ClInclude Include="C:\SDK\ALL_SDK\myprojects\ASE_KM_Caverb\project_source\source\PluginKernel\plugincore.h">
      <Filter>PluginKernel</Filter>
    </ClInclude>
    <ClInclude Include="C:\SDK\ALL_SDK\myprojects\ASE_KM_Caverb\project_source\source\PluginKernel\plugindescription.h">
      <Filter>PluginKernel</Filter>
    </ClInclude>
    <ClInclude Include="C:\SDK\ALL_SDK\myprojects\ASE_KM_Caverb\project_source\source\PluginKernel\plugingui.h">
      <Filter>PluginKernel</Filter>
    </ClInclude>
    <ClInclude Include="C:\SDK\ALL_SDK\myprojects\ASE_KM_Caverb\project_source\source\PluginKernel\pluginparameter.h">
      <Filter>PluginKernel</Filter>
    </ClInclude>
    <ClInclude Include="C:\SDK\ALL_SDK\myprojects\ASE_KM_Caverb\project_source\source\PluginKernel\pluginstructures.h">
      <Filter>PluginKernel</Filter>
    </ClInclude>
    <ClInclude Include="C:\SDK\ALL_SDK\myprojects\ASE_KM_Caverb\project_source\source\vst_source\customparameters.h">
      <Filter>VST3Core</Filter>
    </ClInclude>
    <ClInclude Include="C:\SDK\ALL_SDK\myprojects\ASE_KM_Caverb\project_source\source\vst_source\channelformats.h">
      <Filter>VST3Core</Filter>
    </ClInclude>
    <ClInclude Include="C:\SDK\ALL_SDK\myprojects\ASE_KM_Caverb\project_source\source\vst_source\vst3plugin.h">
      <Filter>VST3Core</Filter>
    </ClInclude>
    <ClInclude Include="C:\SDK\ALL_SDK\myprojects\ASE_KM_Caverb\project_source\source\CustomControls\atomicops.h">
      <Filter>CustomVSTGUI</Filter>
    </ClInclude>
    <ClInclude Include="C:\SDK\ALL_SDK\myprojects\ASE_KM_Caverb\project_source\source\CustomControls\customcontrols.h">
      <Filter>CustomVSTGUI</Filter>
    </ClInclude>
    <ClInclude Include="C:\SDK\ALL_SDK\myprojects\ASE_KM_Caverb\project_source\source\CustomControls\readerwriterqueue.h">
      <Filter>CustomVSTGUI</Filter>
    </ClInclude>
    <ClInclude Include="C:\SDK\ALL_SDK\myprojects\ASE_KM_Caverb\project_source\source\CustomControls\customviews.h">
      <Filter>CustomVSTGUI</Filter>
    </ClInclude>
    <ClInclude Include="C:\SDK\ALL_SDK\VST_SDK\VST3_SDK\public.sdk\source\vst\vstsinglecomponenteffect.h">
      <Filter>VST3SDK</Filter>
    </ClInclude>
  </ItemGroup>
  <ItemGroup>
    <CustomBuild Include="C:\SDK\ALL_SDK\myprojects\ASE_KM_Caverb\project_source\cmake\vst_cmake\CMakeLists.txt" />
  </ItemGroup>
  <ItemGroup>
    <None Include="C:\SDK\ALL_SDK\myprojects\ASE_KM_Caverb\project_source\resources\PluginGUI.uidesc" />
  </ItemGroup>
  <ItemGroup>
    <ResourceCompile Include="C:\SDK\ALL_SDK\myprojects\ASE_KM_Caverb\project_source\win\vst\PluginGUIMain.rc">
      <Filter>Source Files</Filter>
    </ResourceCompile>
  </ItemGroup>
  <ItemGroup>
    <Filter Include="CustomVSTGUI">
      <UniqueIdentifier>{86CEAC4E-BB7C-344F-A710-DF5E5F8061C4}</UniqueIdentifier>
    </Filter>
    <Filter Include="PluginKernel">
      <UniqueIdentifier>{0C131464-8439-3A65-AF90-EFD2AE273743}</UniqueIdentifier>
    </Filter>
    <Filter Include="Source Files">
      <UniqueIdentifier>{0EEF79D7-3376-3EE4-855E-84D1F2D0C78D}</UniqueIdentifier>
    </Filter>
    <Filter Include="VST3Core">
      <UniqueIdentifier>{C828B82B-EEB4-3935-A056-A38822F2E462}</UniqueIdentifier>
    </Filter>
    <Filter Include="VST3SDK">
      <UniqueIdentifier>{A1419DFE-1535-328B-A3CC-7F661A150193}</UniqueIdentifier>
    </Filter>
  </ItemGroup>
</Project>
