
Microsoft Visual Studio Solution File, Format Version 12.00
# Visual Studio Version 16
Project("{2150E333-8FDC-42A3-9474-1A3956D46DE8}") = "Libraries", "Libraries", "{3052B901-CC96-3B08-A8AD-7EDC4949D0B7}"
EndProject
Project("{2150E333-8FDC-42A3-9474-1A3956D46DE8}") = "Predefined", "Predefined", "{9F33DB4D-CE77-3AB9-8D1D-6C66D7864400}"
EndProject
Project("{8BC9CEB8-8B4A-11D0-8D11-00A0C91BC942}") = "ALL_BUILD", "ALL_BUILD.vcxproj", "{ED684D93-6FA0-3333-A5C7-CE0B5A08BA14}"
	ProjectSection(ProjectDependencies) = postProject
		{239619A0-CCE1-31C8-B64F-5F8CAB67575C} = {239619A0-CCE1-31C8-B64F-5F8CAB67575C}
		{57D2591E-27E9-3EF9-8847-B49A2F887E1D} = {57D2591E-27E9-3EF9-8847-B49A2F887E1D}
	EndProjectSection
EndProject
Project("{8BC9CEB8-8B4A-11D0-8D11-00A0C91BC942}") = "ZERO_CHECK", "..\..\..\\ZERO_CHECK.vcxproj", "{239619A0-CCE1-31C8-B64F-5F8CAB67575C}"
	ProjectSection(ProjectDependencies) = postProject
	EndProjectSection
EndProject
Project("{8BC9CEB8-8B4A-11D0-8D11-00A0C91BC942}") = "base", "..\base\base.vcxproj", "{A70915C2-22A7-37D1-A669-9E1D2745FE08}"
	ProjectSection(ProjectDependencies) = postProject
		{239619A0-CCE1-31C8-B64F-5F8CAB67575C} = {239619A0-CCE1-31C8-B64F-5F8CAB67575C}
	EndProjectSection
EndProject
Project("{8BC9CEB8-8B4A-11D0-8D11-00A0C91BC942}") = "pluginterfaces", "..\pluginterfaces\pluginterfaces.vcxproj", "{FE9FF6D1-348F-3FC8-BD4E-BFC6315AD0C1}"
	ProjectSection(ProjectDependencies) = postProject
		{239619A0-CCE1-31C8-B64F-5F8CAB67575C} = {239619A0-CCE1-31C8-B64F-5F8CAB67575C}
	EndProjectSection
EndProject
Project("{8BC9CEB8-8B4A-11D0-8D11-00A0C91BC942}") = "sdk", "sdk.vcxproj", "{57D2591E-27E9-3EF9-8847-B49A2F887E1D}"
	ProjectSection(ProjectDependencies) = postProject
		{239619A0-CCE1-31C8-B64F-5F8CAB67575C} = {239619A0-CCE1-31C8-B64F-5F8CAB67575C}
		{A70915C2-22A7-37D1-A669-9E1D2745FE08} = {A70915C2-22A7-37D1-A669-9E1D2745FE08}
		{FE9FF6D1-348F-3FC8-BD4E-BFC6315AD0C1} = {FE9FF6D1-348F-3FC8-BD4E-BFC6315AD0C1}
	EndProjectSection
EndProject
Global
	GlobalSection(SolutionConfigurationPlatforms) = preSolution
		Debug|x64 = Debug|x64
		Release|x64 = Release|x64
	EndGlobalSection
	GlobalSection(ProjectConfigurationPlatforms) = postSolution
		{ED684D93-6FA0-3333-A5C7-CE0B5A08BA14}.Debug|x64.ActiveCfg = Debug|x64
		{ED684D93-6FA0-3333-A5C7-CE0B5A08BA14}.Release|x64.ActiveCfg = Release|x64
		{239619A0-CCE1-31C8-B64F-5F8CAB67575C}.Debug|x64.ActiveCfg = Debug|x64
		{239619A0-CCE1-31C8-B64F-5F8CAB67575C}.Debug|x64.Build.0 = Debug|x64
		{239619A0-CCE1-31C8-B64F-5F8CAB67575C}.Release|x64.ActiveCfg = Release|x64
		{239619A0-CCE1-31C8-B64F-5F8CAB67575C}.Release|x64.Build.0 = Release|x64
		{A70915C2-22A7-37D1-A669-9E1D2745FE08}.Debug|x64.ActiveCfg = Debug|x64
		{A70915C2-22A7-37D1-A669-9E1D2745FE08}.Debug|x64.Build.0 = Debug|x64
		{A70915C2-22A7-37D1-A669-9E1D2745FE08}.Release|x64.ActiveCfg = Release|x64
		{A70915C2-22A7-37D1-A669-9E1D2745FE08}.Release|x64.Build.0 = Release|x64
		{FE9FF6D1-348F-3FC8-BD4E-BFC6315AD0C1}.Debug|x64.ActiveCfg = Debug|x64
		{FE9FF6D1-348F-3FC8-BD4E-BFC6315AD0C1}.Debug|x64.Build.0 = Debug|x64
		{FE9FF6D1-348F-3FC8-BD4E-BFC6315AD0C1}.Release|x64.ActiveCfg = Release|x64
		{FE9FF6D1-348F-3FC8-BD4E-BFC6315AD0C1}.Release|x64.Build.0 = Release|x64
		{57D2591E-27E9-3EF9-8847-B49A2F887E1D}.Debug|x64.ActiveCfg = Debug|x64
		{57D2591E-27E9-3EF9-8847-B49A2F887E1D}.Debug|x64.Build.0 = Debug|x64
		{57D2591E-27E9-3EF9-8847-B49A2F887E1D}.Release|x64.ActiveCfg = Release|x64
		{57D2591E-27E9-3EF9-8847-B49A2F887E1D}.Release|x64.Build.0 = Release|x64
	EndGlobalSection
	GlobalSection(NestedProjects) = preSolution
		{A70915C2-22A7-37D1-A669-9E1D2745FE08} = {3052B901-CC96-3B08-A8AD-7EDC4949D0B7}
		{57D2591E-27E9-3EF9-8847-B49A2F887E1D} = {3052B901-CC96-3B08-A8AD-7EDC4949D0B7}
		{ED684D93-6FA0-3333-A5C7-CE0B5A08BA14} = {9F33DB4D-CE77-3AB9-8D1D-6C66D7864400}
		{239619A0-CCE1-31C8-B64F-5F8CAB67575C} = {9F33DB4D-CE77-3AB9-8D1D-6C66D7864400}
	EndGlobalSection
	GlobalSection(ExtensibilityGlobals) = postSolution
		SolutionGuid = {9E692C49-58D2-386C-9975-36BBE9E1290F}
	EndGlobalSection
	GlobalSection(ExtensibilityAddIns) = postSolution
	EndGlobalSection
EndGlobal
