<?xml version="1.0" encoding="utf-8"?>
<Project ToolsVersion="16.0" xmlns="http://schemas.microsoft.com/developer/msbuild/2003">
  <ItemGroup>
    <ClCompile Include="C:\SDK\ALL_SDK\VST_SDK\VST3_SDK\public.sdk\source\common\memorystream.cpp">
      <Filter>Source Files</Filter>
    </ClCompile>
    <ClCompile Include="C:\SDK\ALL_SDK\VST_SDK\VST3_SDK\public.sdk\source\vst\hosting\connectionproxy.cpp">
      <Filter>Source Files</Filter>
    </ClCompile>
    <ClCompile Include="C:\SDK\ALL_SDK\VST_SDK\VST3_SDK\public.sdk\source\vst\hosting\hostclasses.cpp">
      <Filter>Source Files</Filter>
    </ClCompile>
    <ClCompile Include="C:\SDK\ALL_SDK\VST_SDK\VST3_SDK\public.sdk\source\vst\hosting\module.cpp">
      <Filter>Source Files</Filter>
    </ClCompile>
    <ClCompile Include="C:\SDK\ALL_SDK\VST_SDK\VST3_SDK\public.sdk\source\vst\hosting\pluginterfacesupport.cpp">
      <Filter>Source Files</Filter>
    </ClCompile>
    <ClCompile Include="C:\SDK\ALL_SDK\VST_SDK\VST3_SDK\public.sdk\source\vst\hosting\plugprovider.cpp">
      <Filter>Source Files</Filter>
    </ClCompile>
    <ClCompile Include="C:\SDK\ALL_SDK\VST_SDK\VST3_SDK\public.sdk\source\vst\hosting\processdata.cpp">
      <Filter>Source Files</Filter>
    </ClCompile>
    <ClCompile Include="C:\SDK\ALL_SDK\VST_SDK\VST3_SDK\public.sdk\source\vst\testsuite\bus\busactivation.cpp">
      <Filter>Source Files</Filter>
    </ClCompile>
    <ClCompile Include="C:\SDK\ALL_SDK\VST_SDK\VST3_SDK\public.sdk\source\vst\testsuite\bus\busconsistency.cpp">
      <Filter>Source Files</Filter>
    </ClCompile>
    <ClCompile Include="C:\SDK\ALL_SDK\VST_SDK\VST3_SDK\public.sdk\source\vst\testsuite\bus\businvalidindex.cpp">
      <Filter>Source Files</Filter>
    </ClCompile>
    <ClCompile Include="C:\SDK\ALL_SDK\VST_SDK\VST3_SDK\public.sdk\source\vst\testsuite\bus\checkaudiobusarrangement.cpp">
      <Filter>Source Files</Filter>
    </ClCompile>
    <ClCompile Include="C:\SDK\ALL_SDK\VST_SDK\VST3_SDK\public.sdk\source\vst\testsuite\bus\scanbusses.cpp">
      <Filter>Source Files</Filter>
    </ClCompile>
    <ClCompile Include="C:\SDK\ALL_SDK\VST_SDK\VST3_SDK\public.sdk\source\vst\testsuite\bus\sidechainarrangement.cpp">
      <Filter>Source Files</Filter>
    </ClCompile>
    <ClCompile Include="C:\SDK\ALL_SDK\VST_SDK\VST3_SDK\public.sdk\source\vst\testsuite\general\editorclasses.cpp">
      <Filter>Source Files</Filter>
    </ClCompile>
    <ClCompile Include="C:\SDK\ALL_SDK\VST_SDK\VST3_SDK\public.sdk\source\vst\testsuite\general\midilearn.cpp">
      <Filter>Source Files</Filter>
    </ClCompile>
    <ClCompile Include="C:\SDK\ALL_SDK\VST_SDK\VST3_SDK\public.sdk\source\vst\testsuite\general\midimapping.cpp">
      <Filter>Source Files</Filter>
    </ClCompile>
    <ClCompile Include="C:\SDK\ALL_SDK\VST_SDK\VST3_SDK\public.sdk\source\vst\testsuite\general\scanparameters.cpp">
      <Filter>Source Files</Filter>
    </ClCompile>
    <ClCompile Include="C:\SDK\ALL_SDK\VST_SDK\VST3_SDK\public.sdk\source\vst\testsuite\general\suspendresume.cpp">
      <Filter>Source Files</Filter>
    </ClCompile>
    <ClCompile Include="C:\SDK\ALL_SDK\VST_SDK\VST3_SDK\public.sdk\source\vst\testsuite\general\terminit.cpp">
      <Filter>Source Files</Filter>
    </ClCompile>
    <ClCompile Include="C:\SDK\ALL_SDK\VST_SDK\VST3_SDK\public.sdk\source\vst\testsuite\noteexpression\keyswitch.cpp">
      <Filter>Source Files</Filter>
    </ClCompile>
    <ClCompile Include="C:\SDK\ALL_SDK\VST_SDK\VST3_SDK\public.sdk\source\vst\testsuite\noteexpression\noteexpression.cpp">
      <Filter>Source Files</Filter>
    </ClCompile>
    <ClCompile Include="C:\SDK\ALL_SDK\VST_SDK\VST3_SDK\public.sdk\source\vst\testsuite\processing\automation.cpp">
      <Filter>Source Files</Filter>
    </ClCompile>
    <ClCompile Include="C:\SDK\ALL_SDK\VST_SDK\VST3_SDK\public.sdk\source\vst\testsuite\processing\process.cpp">
      <Filter>Source Files</Filter>
    </ClCompile>
    <ClCompile Include="C:\SDK\ALL_SDK\VST_SDK\VST3_SDK\public.sdk\source\vst\testsuite\processing\processcontextrequirements.cpp">
      <Filter>Source Files</Filter>
    </ClCompile>
    <ClCompile Include="C:\SDK\ALL_SDK\VST_SDK\VST3_SDK\public.sdk\source\vst\testsuite\processing\processformat.cpp">
      <Filter>Source Files</Filter>
    </ClCompile>
    <ClCompile Include="C:\SDK\ALL_SDK\VST_SDK\VST3_SDK\public.sdk\source\vst\testsuite\processing\processinputoverwriting.cpp">
      <Filter>Source Files</Filter>
    </ClCompile>
    <ClCompile Include="C:\SDK\ALL_SDK\VST_SDK\VST3_SDK\public.sdk\source\vst\testsuite\processing\processtail.cpp">
      <Filter>Source Files</Filter>
    </ClCompile>
    <ClCompile Include="C:\SDK\ALL_SDK\VST_SDK\VST3_SDK\public.sdk\source\vst\testsuite\processing\processthreaded.cpp">
      <Filter>Source Files</Filter>
    </ClCompile>
    <ClCompile Include="C:\SDK\ALL_SDK\VST_SDK\VST3_SDK\public.sdk\source\vst\testsuite\processing\silenceflags.cpp">
      <Filter>Source Files</Filter>
    </ClCompile>
    <ClCompile Include="C:\SDK\ALL_SDK\VST_SDK\VST3_SDK\public.sdk\source\vst\testsuite\processing\silenceprocessing.cpp">
      <Filter>Source Files</Filter>
    </ClCompile>
    <ClCompile Include="C:\SDK\ALL_SDK\VST_SDK\VST3_SDK\public.sdk\source\vst\testsuite\processing\speakerarrangement.cpp">
      <Filter>Source Files</Filter>
    </ClCompile>
    <ClCompile Include="C:\SDK\ALL_SDK\VST_SDK\VST3_SDK\public.sdk\source\vst\testsuite\processing\variableblocksize.cpp">
      <Filter>Source Files</Filter>
    </ClCompile>
    <ClCompile Include="C:\SDK\ALL_SDK\VST_SDK\VST3_SDK\public.sdk\source\vst\testsuite\state\bypasspersistence.cpp">
      <Filter>Source Files</Filter>
    </ClCompile>
    <ClCompile Include="C:\SDK\ALL_SDK\VST_SDK\VST3_SDK\public.sdk\source\vst\testsuite\state\invalidstatetransition.cpp">
      <Filter>Source Files</Filter>
    </ClCompile>
    <ClCompile Include="C:\SDK\ALL_SDK\VST_SDK\VST3_SDK\public.sdk\source\vst\testsuite\state\repeatidenticalstatetransition.cpp">
      <Filter>Source Files</Filter>
    </ClCompile>
    <ClCompile Include="C:\SDK\ALL_SDK\VST_SDK\VST3_SDK\public.sdk\source\vst\testsuite\state\validstatetransition.cpp">
      <Filter>Source Files</Filter>
    </ClCompile>
    <ClCompile Include="C:\SDK\ALL_SDK\VST_SDK\VST3_SDK\public.sdk\source\vst\testsuite\testbase.cpp">
      <Filter>Source Files</Filter>
    </ClCompile>
    <ClCompile Include="C:\SDK\ALL_SDK\VST_SDK\VST3_SDK\public.sdk\source\vst\testsuite\unit\checkunitstructure.cpp">
      <Filter>Source Files</Filter>
    </ClCompile>
    <ClCompile Include="C:\SDK\ALL_SDK\VST_SDK\VST3_SDK\public.sdk\source\vst\testsuite\unit\scanprograms.cpp">
      <Filter>Source Files</Filter>
    </ClCompile>
    <ClCompile Include="C:\SDK\ALL_SDK\VST_SDK\VST3_SDK\public.sdk\source\vst\testsuite\unit\scanunits.cpp">
      <Filter>Source Files</Filter>
    </ClCompile>
    <ClCompile Include="C:\SDK\ALL_SDK\VST_SDK\VST3_SDK\public.sdk\source\vst\testsuite\vsttestsuite.cpp">
      <Filter>Source Files</Filter>
    </ClCompile>
    <ClCompile Include="C:\SDK\ALL_SDK\VST_SDK\VST3_SDK\public.sdk\source\vst\utility\stringconvert.cpp">
      <Filter>Source Files</Filter>
    </ClCompile>
    <ClCompile Include="C:\SDK\ALL_SDK\VST_SDK\VST3_SDK\public.sdk\source\vst\vstinitiids.cpp">
      <Filter>Source Files</Filter>
    </ClCompile>
    <ClCompile Include="C:\SDK\ALL_SDK\VST_SDK\VST3_SDK\public.sdk\samples\vst-hosting\validator\source\main.cpp">
      <Filter>Source Files</Filter>
    </ClCompile>
    <ClCompile Include="C:\SDK\ALL_SDK\VST_SDK\VST3_SDK\public.sdk\samples\vst-hosting\validator\source\usediids.cpp">
      <Filter>Source Files</Filter>
    </ClCompile>
    <ClCompile Include="C:\SDK\ALL_SDK\VST_SDK\VST3_SDK\public.sdk\samples\vst-hosting\validator\source\validator.cpp">
      <Filter>Source Files</Filter>
    </ClCompile>
    <ClCompile Include="C:\SDK\ALL_SDK\VST_SDK\VST3_SDK\public.sdk\source\vst\hosting\module_win32.cpp">
      <Filter>Source Files</Filter>
    </ClCompile>
  </ItemGroup>
  <ItemGroup>
    <ClInclude Include="C:\SDK\ALL_SDK\VST_SDK\VST3_SDK\public.sdk\source\vst\hosting\connectionproxy.h">
      <Filter>Header Files</Filter>
    </ClInclude>
    <ClInclude Include="C:\SDK\ALL_SDK\VST_SDK\VST3_SDK\public.sdk\source\vst\hosting\hostclasses.h">
      <Filter>Header Files</Filter>
    </ClInclude>
    <ClInclude Include="C:\SDK\ALL_SDK\VST_SDK\VST3_SDK\public.sdk\source\vst\hosting\module.h">
      <Filter>Header Files</Filter>
    </ClInclude>
    <ClInclude Include="C:\SDK\ALL_SDK\VST_SDK\VST3_SDK\public.sdk\source\vst\hosting\pluginterfacesupport.h">
      <Filter>Header Files</Filter>
    </ClInclude>
    <ClInclude Include="C:\SDK\ALL_SDK\VST_SDK\VST3_SDK\public.sdk\source\vst\hosting\plugprovider.h">
      <Filter>Header Files</Filter>
    </ClInclude>
    <ClInclude Include="C:\SDK\ALL_SDK\VST_SDK\VST3_SDK\public.sdk\source\vst\hosting\processdata.h">
      <Filter>Header Files</Filter>
    </ClInclude>
    <ClInclude Include="C:\SDK\ALL_SDK\VST_SDK\VST3_SDK\public.sdk\source\vst\testsuite\bus\busactivation.h">
      <Filter>Header Files</Filter>
    </ClInclude>
    <ClInclude Include="C:\SDK\ALL_SDK\VST_SDK\VST3_SDK\public.sdk\source\vst\testsuite\bus\busconsistency.h">
      <Filter>Header Files</Filter>
    </ClInclude>
    <ClInclude Include="C:\SDK\ALL_SDK\VST_SDK\VST3_SDK\public.sdk\source\vst\testsuite\bus\businvalidindex.h">
      <Filter>Header Files</Filter>
    </ClInclude>
    <ClInclude Include="C:\SDK\ALL_SDK\VST_SDK\VST3_SDK\public.sdk\source\vst\testsuite\bus\checkaudiobusarrangement.h">
      <Filter>Header Files</Filter>
    </ClInclude>
    <ClInclude Include="C:\SDK\ALL_SDK\VST_SDK\VST3_SDK\public.sdk\source\vst\testsuite\bus\scanbusses.h">
      <Filter>Header Files</Filter>
    </ClInclude>
    <ClInclude Include="C:\SDK\ALL_SDK\VST_SDK\VST3_SDK\public.sdk\source\vst\testsuite\bus\sidechainarrangement.h">
      <Filter>Header Files</Filter>
    </ClInclude>
    <ClInclude Include="C:\SDK\ALL_SDK\VST_SDK\VST3_SDK\public.sdk\source\vst\testsuite\general\editorclasses.h">
      <Filter>Header Files</Filter>
    </ClInclude>
    <ClInclude Include="C:\SDK\ALL_SDK\VST_SDK\VST3_SDK\public.sdk\source\vst\testsuite\general\midilearn.h">
      <Filter>Header Files</Filter>
    </ClInclude>
    <ClInclude Include="C:\SDK\ALL_SDK\VST_SDK\VST3_SDK\public.sdk\source\vst\testsuite\general\midimapping.h">
      <Filter>Header Files</Filter>
    </ClInclude>
    <ClInclude Include="C:\SDK\ALL_SDK\VST_SDK\VST3_SDK\public.sdk\source\vst\testsuite\general\scanparameters.h">
      <Filter>Header Files</Filter>
    </ClInclude>
    <ClInclude Include="C:\SDK\ALL_SDK\VST_SDK\VST3_SDK\public.sdk\source\vst\testsuite\general\suspendresume.h">
      <Filter>Header Files</Filter>
    </ClInclude>
    <ClInclude Include="C:\SDK\ALL_SDK\VST_SDK\VST3_SDK\public.sdk\source\vst\testsuite\general\terminit.h">
      <Filter>Header Files</Filter>
    </ClInclude>
    <ClInclude Include="C:\SDK\ALL_SDK\VST_SDK\VST3_SDK\public.sdk\source\vst\testsuite\noteexpression\keyswitch.h">
      <Filter>Header Files</Filter>
    </ClInclude>
    <ClInclude Include="C:\SDK\ALL_SDK\VST_SDK\VST3_SDK\public.sdk\source\vst\testsuite\noteexpression\noteexpression.h">
      <Filter>Header Files</Filter>
    </ClInclude>
    <ClInclude Include="C:\SDK\ALL_SDK\VST_SDK\VST3_SDK\public.sdk\source\vst\testsuite\processing\automation.h">
      <Filter>Header Files</Filter>
    </ClInclude>
    <ClInclude Include="C:\SDK\ALL_SDK\VST_SDK\VST3_SDK\public.sdk\source\vst\testsuite\processing\process.h">
      <Filter>Header Files</Filter>
    </ClInclude>
    <ClInclude Include="C:\SDK\ALL_SDK\VST_SDK\VST3_SDK\public.sdk\source\vst\testsuite\processing\processcontextrequirements.h">
      <Filter>Header Files</Filter>
    </ClInclude>
    <ClInclude Include="C:\SDK\ALL_SDK\VST_SDK\VST3_SDK\public.sdk\source\vst\testsuite\processing\processformat.h">
      <Filter>Header Files</Filter>
    </ClInclude>
    <ClInclude Include="C:\SDK\ALL_SDK\VST_SDK\VST3_SDK\public.sdk\source\vst\testsuite\processing\processinputoverwriting.h">
      <Filter>Header Files</Filter>
    </ClInclude>
    <ClInclude Include="C:\SDK\ALL_SDK\VST_SDK\VST3_SDK\public.sdk\source\vst\testsuite\processing\processtail.h">
      <Filter>Header Files</Filter>
    </ClInclude>
    <ClInclude Include="C:\SDK\ALL_SDK\VST_SDK\VST3_SDK\public.sdk\source\vst\testsuite\processing\processthreaded.h">
      <Filter>Header Files</Filter>
    </ClInclude>
    <ClInclude Include="C:\SDK\ALL_SDK\VST_SDK\VST3_SDK\public.sdk\source\vst\testsuite\processing\silenceflags.h">
      <Filter>Header Files</Filter>
    </ClInclude>
    <ClInclude Include="C:\SDK\ALL_SDK\VST_SDK\VST3_SDK\public.sdk\source\vst\testsuite\processing\silenceprocessing.h">
      <Filter>Header Files</Filter>
    </ClInclude>
    <ClInclude Include="C:\SDK\ALL_SDK\VST_SDK\VST3_SDK\public.sdk\source\vst\testsuite\processing\speakerarrangement.h">
      <Filter>Header Files</Filter>
    </ClInclude>
    <ClInclude Include="C:\SDK\ALL_SDK\VST_SDK\VST3_SDK\public.sdk\source\vst\testsuite\processing\variableblocksize.h">
      <Filter>Header Files</Filter>
    </ClInclude>
    <ClInclude Include="C:\SDK\ALL_SDK\VST_SDK\VST3_SDK\public.sdk\source\vst\testsuite\state\bypasspersistence.h">
      <Filter>Header Files</Filter>
    </ClInclude>
    <ClInclude Include="C:\SDK\ALL_SDK\VST_SDK\VST3_SDK\public.sdk\source\vst\testsuite\state\invalidstatetransition.h">
      <Filter>Header Files</Filter>
    </ClInclude>
    <ClInclude Include="C:\SDK\ALL_SDK\VST_SDK\VST3_SDK\public.sdk\source\vst\testsuite\state\repeatidenticalstatetransition.h">
      <Filter>Header Files</Filter>
    </ClInclude>
    <ClInclude Include="C:\SDK\ALL_SDK\VST_SDK\VST3_SDK\public.sdk\source\vst\testsuite\state\validstatetransition.h">
      <Filter>Header Files</Filter>
    </ClInclude>
    <ClInclude Include="C:\SDK\ALL_SDK\VST_SDK\VST3_SDK\public.sdk\source\vst\testsuite\testbase.h">
      <Filter>Header Files</Filter>
    </ClInclude>
    <ClInclude Include="C:\SDK\ALL_SDK\VST_SDK\VST3_SDK\public.sdk\source\vst\testsuite\unit\checkunitstructure.h">
      <Filter>Header Files</Filter>
    </ClInclude>
    <ClInclude Include="C:\SDK\ALL_SDK\VST_SDK\VST3_SDK\public.sdk\source\vst\testsuite\unit\scanprograms.h">
      <Filter>Header Files</Filter>
    </ClInclude>
    <ClInclude Include="C:\SDK\ALL_SDK\VST_SDK\VST3_SDK\public.sdk\source\vst\testsuite\unit\scanunits.h">
      <Filter>Header Files</Filter>
    </ClInclude>
    <ClInclude Include="C:\SDK\ALL_SDK\VST_SDK\VST3_SDK\public.sdk\source\vst\testsuite\vststructsizecheck.h">
      <Filter>Header Files</Filter>
    </ClInclude>
    <ClInclude Include="C:\SDK\ALL_SDK\VST_SDK\VST3_SDK\public.sdk\source\vst\testsuite\vsttestsuite.h">
      <Filter>Header Files</Filter>
    </ClInclude>
    <ClInclude Include="C:\SDK\ALL_SDK\VST_SDK\VST3_SDK\public.sdk\source\vst\utility\stringconvert.h">
      <Filter>Header Files</Filter>
    </ClInclude>
    <ClInclude Include="C:\SDK\ALL_SDK\VST_SDK\VST3_SDK\public.sdk\source\vst\utility\uid.h">
      <Filter>Header Files</Filter>
    </ClInclude>
    <ClInclude Include="C:\SDK\ALL_SDK\VST_SDK\VST3_SDK\public.sdk\source\vst\utility\optional.h">
      <Filter>Header Files</Filter>
    </ClInclude>
    <ClInclude Include="C:\SDK\ALL_SDK\VST_SDK\VST3_SDK\public.sdk\source\vst\utility\versionparser.h">
      <Filter>Header Files</Filter>
    </ClInclude>
    <ClInclude Include="C:\SDK\ALL_SDK\VST_SDK\VST3_SDK\public.sdk\samples\vst-hosting\validator\source\validator.h">
      <Filter>Header Files</Filter>
    </ClInclude>
    <ClInclude Include="C:\SDK\ALL_SDK\VST_SDK\VST3_SDK\public.sdk\samples\vst-hosting\validator\source\testsuite.h">
      <Filter>Header Files</Filter>
    </ClInclude>
  </ItemGroup>
  <ItemGroup>
    <CustomBuild Include="C:\SDK\ALL_SDK\VST_SDK\VST3_SDK\public.sdk\samples\vst-hosting\validator\CMakeLists.txt" />
  </ItemGroup>
  <ItemGroup>
    <Filter Include="Header Files">
      <UniqueIdentifier>{7D0124A5-0363-311C-BD63-B509E25D0A9A}</UniqueIdentifier>
    </Filter>
    <Filter Include="Source Files">
      <UniqueIdentifier>{0EEF79D7-3376-3EE4-855E-84D1F2D0C78D}</UniqueIdentifier>
    </Filter>
  </ItemGroup>
</Project>
