
Microsoft Visual Studio Solution File, Format Version 12.00
# Visual Studio Version 16
Project("{2150E333-8FDC-42A3-9474-1A3956D46DE8}") = "Predefined", "Predefined", "{9F33DB4D-CE77-3AB9-8D1D-6C66D7864400}"
EndProject
Project("{8BC9CEB8-8B4A-11D0-8D11-00A0C91BC942}") = "ALL_BUILD", "ALL_BUILD.vcxproj", "{ED684D93-6FA0-3333-A5C7-CE0B5A08BA14}"
	ProjectSection(ProjectDependencies) = postProject
		{239619A0-CCE1-31C8-B64F-5F8CAB67575C} = {239619A0-CCE1-31C8-B64F-5F8CAB67575C}
		{FE9FF6D1-348F-3FC8-BD4E-BFC6315AD0C1} = {FE9FF6D1-348F-3FC8-BD4E-BFC6315AD0C1}
	EndProjectSection
EndProject
Project("{8BC9CEB8-8B4A-11D0-8D11-00A0C91BC942}") = "ZERO_CHECK", "..\..\..\\ZERO_CHECK.vcxproj", "{239619A0-CCE1-31C8-B64F-5F8CAB67575C}"
	ProjectSection(ProjectDependencies) = postProject
	EndProjectSection
EndProject
Project("{8BC9CEB8-8B4A-11D0-8D11-00A0C91BC942}") = "pluginterfaces", "pluginterfaces.vcxproj", "{FE9FF6D1-348F-3FC8-BD4E-BFC6315AD0C1}"
	ProjectSection(ProjectDependencies) = postProject
		{239619A0-CCE1-31C8-B64F-5F8CAB67575C} = {239619A0-CCE1-31C8-B64F-5F8CAB67575C}
	EndProjectSection
EndProject
Global
	GlobalSection(SolutionConfigurationPlatforms) = preSolution
		Debug|x64 = Debug|x64
		Release|x64 = Release|x64
	EndGlobalSection
	GlobalSection(ProjectConfigurationPlatforms) = postSolution
		{ED684D93-6FA0-3333-A5C7-CE0B5A08BA14}.Debug|x64.ActiveCfg = Debug|x64
		{ED684D93-6FA0-3333-A5C7-CE0B5A08BA14}.Release|x64.ActiveCfg = Release|x64
		{239619A0-CCE1-31C8-B64F-5F8CAB67575C}.Debug|x64.ActiveCfg = Debug|x64
		{239619A0-CCE1-31C8-B64F-5F8CAB67575C}.Debug|x64.Build.0 = Debug|x64
		{239619A0-CCE1-31C8-B64F-5F8CAB67575C}.Release|x64.ActiveCfg = Release|x64
		{239619A0-CCE1-31C8-B64F-5F8CAB67575C}.Release|x64.Build.0 = Release|x64
		{FE9FF6D1-348F-3FC8-BD4E-BFC6315AD0C1}.Debug|x64.ActiveCfg = Debug|x64
		{FE9FF6D1-348F-3FC8-BD4E-BFC6315AD0C1}.Debug|x64.Build.0 = Debug|x64
		{FE9FF6D1-348F-3FC8-BD4E-BFC6315AD0C1}.Release|x64.ActiveCfg = Release|x64
		{FE9FF6D1-348F-3FC8-BD4E-BFC6315AD0C1}.Release|x64.Build.0 = Release|x64
	EndGlobalSection
	GlobalSection(NestedProjects) = preSolution
		{ED684D93-6FA0-3333-A5C7-CE0B5A08BA14} = {9F33DB4D-CE77-3AB9-8D1D-6C66D7864400}
		{239619A0-CCE1-31C8-B64F-5F8CAB67575C} = {9F33DB4D-CE77-3AB9-8D1D-6C66D7864400}
	EndGlobalSection
	GlobalSection(ExtensibilityGlobals) = postSolution
		SolutionGuid = {7B00A7F9-E98B-3755-BDBC-781F4A42B7B5}
	EndGlobalSection
	GlobalSection(ExtensibilityAddIns) = postSolution
	EndGlobalSection
EndGlobal
