<?xml version="1.0" encoding="utf-8"?>
<Project ToolsVersion="16.0" xmlns="http://schemas.microsoft.com/developer/msbuild/2003">
  <ItemGroup>
    <ClCompile Include="C:\SDK\ALL_SDK\myprojects\vstgui4\vstgui\plugin-bindings\vst3groupcontroller.cpp">
      <Filter>Source Files</Filter>
    </ClCompile>
    <ClCompile Include="C:\SDK\ALL_SDK\myprojects\vstgui4\vstgui\plugin-bindings\vst3padcontroller.cpp">
      <Filter>Source Files</Filter>
    </ClCompile>
    <ClCompile Include="C:\SDK\ALL_SDK\myprojects\vstgui4\vstgui\plugin-bindings\vst3editor.cpp">
      <Filter>Source Files</Filter>
    </ClCompile>
    <ClCompile Include="C:\SDK\ALL_SDK\VST_SDK\VST3_SDK\public.sdk\source\vst\vstguieditor.cpp">
      <Filter>Source Files</Filter>
    </ClCompile>
  </ItemGroup>
  <ItemGroup>
    <ClInclude Include="C:\SDK\ALL_SDK\myprojects\vstgui4\vstgui\plugin-bindings\vst3groupcontroller.h">
      <Filter>Header Files</Filter>
    </ClInclude>
    <ClInclude Include="C:\SDK\ALL_SDK\myprojects\vstgui4\vstgui\plugin-bindings\vst3padcontroller.h">
      <Filter>Header Files</Filter>
    </ClInclude>
    <ClInclude Include="C:\SDK\ALL_SDK\myprojects\vstgui4\vstgui\plugin-bindings\vst3editor.h">
      <Filter>Header Files</Filter>
    </ClInclude>
  </ItemGroup>
  <ItemGroup>
    <CustomBuild Include="C:\SDK\ALL_SDK\myprojects\ase_km_kaboose_freshstart\cmake\vst_cmake\CMakeLists.txt" />
  </ItemGroup>
  <ItemGroup>
    <Filter Include="Header Files">
      <UniqueIdentifier>{64781DA8-1A6D-3398-8409-358D2D7286AB}</UniqueIdentifier>
    </Filter>
    <Filter Include="Source Files">
      <UniqueIdentifier>{8F2D7114-CC35-3C28-973D-687BB543C93A}</UniqueIdentifier>
    </Filter>
  </ItemGroup>
</Project>
